
Microsoft Visual Studio Solution File, Format Version 12.00
# Visual Studio Version 16
VisualStudioVersion = 16.0.29519.161
MinimumVisualStudioVersion = 10.0.40219.1
Project("{9A19103F-16F7-4668-BE54-9A1E7A4F7556}") = "Covenant", "Covenant\Covenant.csproj", "{D5865774-CD82-4CCE-A3F1-7F2C4639301B}"
EndProject
Global
	GlobalSection(SolutionConfigurationPlatforms) = preSolution
		Debug|Any CPU = Debug|Any CPU
		Release|Any CPU = Release|Any CPU
	EndGlobalSection
	GlobalSection(ProjectConfigurationPlatforms) = postSolution
		{D5865774-CD82-4CCE-A3F1-7F2C4639301B}.Debug|Any CPU.ActiveCfg = Debug|Any CPU
		{D5865774-CD82-4CCE-A3F1-7F2C4639301B}.Debug|Any CPU.Build.0 = Debug|Any CPU
		{D5865774-CD82-4CCE-A3F1-7F2C4639301B}.Release|Any CPU.ActiveCfg = Release|Any CPU
		{D5865774-CD82-4CCE-A3F1-7F2C4639301B}.Release|Any CPU.Build.0 = Release|Any CPU
	EndGlobalSection
	GlobalSection(SolutionProperties) = preSolution
		HideSolutionNode = FALSE
	EndGlobalSection
	GlobalSection(ExtensibilityGlobals) = postSolution
		SolutionGuid = {105B1E42-390C-47A0-9C36-5F0699DAD9C2}
	EndGlobalSection
EndGlobal
