
Microsoft Visual Studio Solution File, Format Version 12.00
# Visual Studio 15
VisualStudioVersion = 15.0.27428.2037
MinimumVisualStudioVersion = 10.0.40219.1
Project("{9A19103F-16F7-4668-BE54-9A1E7A4F7556}") = "SharpSploit", "SharpSploit\SharpSploit.csproj", "{52040049-D7FC-4C72-B6AE-BD2C7AB27DEE}"
EndProject
Project("{FAE04EC0-301F-11D3-BF4B-00C04F79EFBC}") = "SharpSploit.Tests", "SharpSploit.Tests\SharpSploit.Tests\SharpSploit.Tests.csproj", "{7760248F-9247-4206-BE42-A6952AA46DA2}"
EndProject
Global
	GlobalSection(SolutionConfigurationPlatforms) = preSolution
		Debug|Any CPU = Debug|Any CPU
		Release|Any CPU = Release|Any CPU
	EndGlobalSection
	GlobalSection(ProjectConfigurationPlatforms) = postSolution
		{52040049-D7FC-4C72-B6AE-BD2C7AB27DEE}.Debug|Any CPU.ActiveCfg = Debug|Any CPU
		{52040049-D7FC-4C72-B6AE-BD2C7AB27DEE}.Debug|Any CPU.Build.0 = Debug|Any CPU
		{52040049-D7FC-4C72-B6AE-BD2C7AB27DEE}.Release|Any CPU.ActiveCfg = Release|Any CPU
		{52040049-D7FC-4C72-B6AE-BD2C7AB27DEE}.Release|Any CPU.Build.0 = Release|Any CPU
		{7760248F-9247-4206-BE42-A6952AA46DA2}.Debug|Any CPU.ActiveCfg = Debug|Any CPU
		{7760248F-9247-4206-BE42-A6952AA46DA2}.Debug|Any CPU.Build.0 = Debug|Any CPU
		{7760248F-9247-4206-BE42-A6952AA46DA2}.Release|Any CPU.ActiveCfg = Release|Any CPU
		{7760248F-9247-4206-BE42-A6952AA46DA2}.Release|Any CPU.Build.0 = Release|Any CPU
		{A2418BEE-706B-42FB-B316-A3C2080E3C89}.Debug|Any CPU.ActiveCfg = Debug|Any CPU
		{A2418BEE-706B-42FB-B316-A3C2080E3C89}.Debug|Any CPU.Build.0 = Debug|Any CPU
		{A2418BEE-706B-42FB-B316-A3C2080E3C89}.Release|Any CPU.ActiveCfg = Release|Any CPU
		{A2418BEE-706B-42FB-B316-A3C2080E3C89}.Release|Any CPU.Build.0 = Release|Any CPU
		{B84548DC-D926-4B39-8293-FA0BDEF34D49}.Debug|Any CPU.ActiveCfg = Debug|Any CPU
		{B84548DC-D926-4B39-8293-FA0BDEF34D49}.Debug|Any CPU.Build.0 = Debug|Any CPU
		{B84548DC-D926-4B39-8293-FA0BDEF34D49}.Release|Any CPU.ActiveCfg = Release|Any CPU
		{B84548DC-D926-4B39-8293-FA0BDEF34D49}.Release|Any CPU.Build.0 = Release|Any CPU
	EndGlobalSection
	GlobalSection(SolutionProperties) = preSolution
		HideSolutionNode = FALSE
	EndGlobalSection
	GlobalSection(ExtensibilityGlobals) = postSolution
		SolutionGuid = {99F30681-7173-4AC8-A6C5-5CED0503BAB5}
	EndGlobalSection
EndGlobal
